
Microsoft Visual Studio Solution File, Format Version 12.00
# Visual Studio Version 17
VisualStudioVersion = 17.0.31903.59
MinimumVisualStudioVersion = 10.0.40219.1
Project("{FAE04EC0-301F-11D3-BF4B-00C04F79EFBC}") = "Alquileres_Express", "Alquileres_Express\Alquileres_Express.csproj", "{2787364B-5248-48CF-A8F0-4EDE7CBBE7B1}"
EndProject
Project("{FAE04EC0-301F-11D3-BF4B-00C04F79EFBC}") = "Alquileres_Express.Aplicacion", "Alquileres_Express.Aplicacion\Alquileres_Express.Aplicacion.csproj", "{5A131822-8FBE-4F79-BCAD-04B249EC6C21}"
EndProject
Project("{FAE04EC0-301F-11D3-BF4B-00C04F79EFBC}") = "Alquileres_Express.Repositorios", "Alquileres_Express.Repositorios\Alquileres_Express.Repositorios.csproj", "{24B9A6A3-C41A-437E-BDE2-826FEFF28C33}"
EndProject
Project("{FAE04EC0-301F-11D3-BF4B-00C04F79EFBC}") = "Alquileres_Express.UI", "Alquileres_Express.UI\Alquileres_Express.UI.csproj", "{C4240D67-692C-448C-BE5E-7018EE7D34A2}"
EndProject
Global
	GlobalSection(SolutionConfigurationPlatforms) = preSolution
		Debug|Any CPU = Debug|Any CPU
		Debug|x64 = Debug|x64
		Debug|x86 = Debug|x86
		Release|Any CPU = Release|Any CPU
		Release|x64 = Release|x64
		Release|x86 = Release|x86
	EndGlobalSection
	GlobalSection(ProjectConfigurationPlatforms) = postSolution
		{2787364B-5248-48CF-A8F0-4EDE7CBBE7B1}.Debug|Any CPU.ActiveCfg = Debug|Any CPU
		{2787364B-5248-48CF-A8F0-4EDE7CBBE7B1}.Debug|Any CPU.Build.0 = Debug|Any CPU
		{2787364B-5248-48CF-A8F0-4EDE7CBBE7B1}.Debug|x64.ActiveCfg = Debug|Any CPU
		{2787364B-5248-48CF-A8F0-4EDE7CBBE7B1}.Debug|x64.Build.0 = Debug|Any CPU
		{2787364B-5248-48CF-A8F0-4EDE7CBBE7B1}.Debug|x86.ActiveCfg = Debug|Any CPU
		{2787364B-5248-48CF-A8F0-4EDE7CBBE7B1}.Debug|x86.Build.0 = Debug|Any CPU
		{2787364B-5248-48CF-A8F0-4EDE7CBBE7B1}.Release|Any CPU.ActiveCfg = Release|Any CPU
		{2787364B-5248-48CF-A8F0-4EDE7CBBE7B1}.Release|Any CPU.Build.0 = Release|Any CPU
		{2787364B-5248-48CF-A8F0-4EDE7CBBE7B1}.Release|x64.ActiveCfg = Release|Any CPU
		{2787364B-5248-48CF-A8F0-4EDE7CBBE7B1}.Release|x64.Build.0 = Release|Any CPU
		{2787364B-5248-48CF-A8F0-4EDE7CBBE7B1}.Release|x86.ActiveCfg = Release|Any CPU
		{2787364B-5248-48CF-A8F0-4EDE7CBBE7B1}.Release|x86.Build.0 = Release|Any CPU
		{5A131822-8FBE-4F79-BCAD-04B249EC6C21}.Debug|Any CPU.ActiveCfg = Debug|Any CPU
		{5A131822-8FBE-4F79-BCAD-04B249EC6C21}.Debug|Any CPU.Build.0 = Debug|Any CPU
		{5A131822-8FBE-4F79-BCAD-04B249EC6C21}.Debug|x64.ActiveCfg = Debug|Any CPU
		{5A131822-8FBE-4F79-BCAD-04B249EC6C21}.Debug|x64.Build.0 = Debug|Any CPU
		{5A131822-8FBE-4F79-BCAD-04B249EC6C21}.Debug|x86.ActiveCfg = Debug|Any CPU
		{5A131822-8FBE-4F79-BCAD-04B249EC6C21}.Debug|x86.Build.0 = Debug|Any CPU
		{5A131822-8FBE-4F79-BCAD-04B249EC6C21}.Release|Any CPU.ActiveCfg = Release|Any CPU
		{5A131822-8FBE-4F79-BCAD-04B249EC6C21}.Release|Any CPU.Build.0 = Release|Any CPU
		{5A131822-8FBE-4F79-BCAD-04B249EC6C21}.Release|x64.ActiveCfg = Release|Any CPU
		{5A131822-8FBE-4F79-BCAD-04B249EC6C21}.Release|x64.Build.0 = Release|Any CPU
		{5A131822-8FBE-4F79-BCAD-04B249EC6C21}.Release|x86.ActiveCfg = Release|Any CPU
		{5A131822-8FBE-4F79-BCAD-04B249EC6C21}.Release|x86.Build.0 = Release|Any CPU
		{24B9A6A3-C41A-437E-BDE2-826FEFF28C33}.Debug|Any CPU.ActiveCfg = Debug|Any CPU
		{24B9A6A3-C41A-437E-BDE2-826FEFF28C33}.Debug|Any CPU.Build.0 = Debug|Any CPU
		{24B9A6A3-C41A-437E-BDE2-826FEFF28C33}.Debug|x64.ActiveCfg = Debug|Any CPU
		{24B9A6A3-C41A-437E-BDE2-826FEFF28C33}.Debug|x64.Build.0 = Debug|Any CPU
		{24B9A6A3-C41A-437E-BDE2-826FEFF28C33}.Debug|x86.ActiveCfg = Debug|Any CPU
		{24B9A6A3-C41A-437E-BDE2-826FEFF28C33}.Debug|x86.Build.0 = Debug|Any CPU
		{24B9A6A3-C41A-437E-BDE2-826FEFF28C33}.Release|Any CPU.ActiveCfg = Release|Any CPU
		{24B9A6A3-C41A-437E-BDE2-826FEFF28C33}.Release|Any CPU.Build.0 = Release|Any CPU
		{24B9A6A3-C41A-437E-BDE2-826FEFF28C33}.Release|x64.ActiveCfg = Release|Any CPU
		{24B9A6A3-C41A-437E-BDE2-826FEFF28C33}.Release|x64.Build.0 = Release|Any CPU
		{24B9A6A3-C41A-437E-BDE2-826FEFF28C33}.Release|x86.ActiveCfg = Release|Any CPU
		{24B9A6A3-C41A-437E-BDE2-826FEFF28C33}.Release|x86.Build.0 = Release|Any CPU
		{C4240D67-692C-448C-BE5E-7018EE7D34A2}.Debug|Any CPU.ActiveCfg = Debug|Any CPU
		{C4240D67-692C-448C-BE5E-7018EE7D34A2}.Debug|Any CPU.Build.0 = Debug|Any CPU
		{C4240D67-692C-448C-BE5E-7018EE7D34A2}.Debug|x64.ActiveCfg = Debug|Any CPU
		{C4240D67-692C-448C-BE5E-7018EE7D34A2}.Debug|x64.Build.0 = Debug|Any CPU
		{C4240D67-692C-448C-BE5E-7018EE7D34A2}.Debug|x86.ActiveCfg = Debug|Any CPU
		{C4240D67-692C-448C-BE5E-7018EE7D34A2}.Debug|x86.Build.0 = Debug|Any CPU
		{C4240D67-692C-448C-BE5E-7018EE7D34A2}.Release|Any CPU.ActiveCfg = Release|Any CPU
		{C4240D67-692C-448C-BE5E-7018EE7D34A2}.Release|Any CPU.Build.0 = Release|Any CPU
		{C4240D67-692C-448C-BE5E-7018EE7D34A2}.Release|x64.ActiveCfg = Release|Any CPU
		{C4240D67-692C-448C-BE5E-7018EE7D34A2}.Release|x64.Build.0 = Release|Any CPU
		{C4240D67-692C-448C-BE5E-7018EE7D34A2}.Release|x86.ActiveCfg = Release|Any CPU
		{C4240D67-692C-448C-BE5E-7018EE7D34A2}.Release|x86.Build.0 = Release|Any CPU
	EndGlobalSection
	GlobalSection(SolutionProperties) = preSolution
		HideSolutionNode = FALSE
	EndGlobalSection
EndGlobal
