
Microsoft Visual Studio Solution File, Format Version 12.00
# Visual Studio Version 17
VisualStudioVersion = 17.0.31903.59
MinimumVisualStudioVersion = 10.0.40219.1
Project("{FAE04EC0-301F-11D3-BF4B-00C04F79EFBC}") = "AL.Aplicacion", "AL.Aplicacion\AL.Aplicacion.csproj", "{5DF3D1B4-8127-412B-B0D7-50D7C4B11480}"
EndProject
Project("{FAE04EC0-301F-11D3-BF4B-00C04F79EFBC}") = "AL.Repositorios", "AL.Repositorios\AL.Repositorios.csproj", "{5FDF1505-A87D-4B08-9F1F-6C384B7D10E2}"
EndProject
Project("{FAE04EC0-301F-11D3-BF4B-00C04F79EFBC}") = "AL.UI", "AL.UI\AL.UI.csproj", "{7885EEC9-DA8A-4720-BFC1-9C187845FEDC}"
EndProject
Global
	GlobalSection(SolutionConfigurationPlatforms) = preSolution
		Debug|Any CPU = Debug|Any CPU
		Debug|x64 = Debug|x64
		Debug|x86 = Debug|x86
		Release|Any CPU = Release|Any CPU
		Release|x64 = Release|x64
		Release|x86 = Release|x86
	EndGlobalSection
	GlobalSection(ProjectConfigurationPlatforms) = postSolution
		{5DF3D1B4-8127-412B-B0D7-50D7C4B11480}.Debug|Any CPU.ActiveCfg = Debug|Any CPU
		{5DF3D1B4-8127-412B-B0D7-50D7C4B11480}.Debug|Any CPU.Build.0 = Debug|Any CPU
		{5DF3D1B4-8127-412B-B0D7-50D7C4B11480}.Debug|x64.ActiveCfg = Debug|Any CPU
		{5DF3D1B4-8127-412B-B0D7-50D7C4B11480}.Debug|x64.Build.0 = Debug|Any CPU
		{5DF3D1B4-8127-412B-B0D7-50D7C4B11480}.Debug|x86.ActiveCfg = Debug|Any CPU
		{5DF3D1B4-8127-412B-B0D7-50D7C4B11480}.Debug|x86.Build.0 = Debug|Any CPU
		{5DF3D1B4-8127-412B-B0D7-50D7C4B11480}.Release|Any CPU.ActiveCfg = Release|Any CPU
		{5DF3D1B4-8127-412B-B0D7-50D7C4B11480}.Release|Any CPU.Build.0 = Release|Any CPU
		{5DF3D1B4-8127-412B-B0D7-50D7C4B11480}.Release|x64.ActiveCfg = Release|Any CPU
		{5DF3D1B4-8127-412B-B0D7-50D7C4B11480}.Release|x64.Build.0 = Release|Any CPU
		{5DF3D1B4-8127-412B-B0D7-50D7C4B11480}.Release|x86.ActiveCfg = Release|Any CPU
		{5DF3D1B4-8127-412B-B0D7-50D7C4B11480}.Release|x86.Build.0 = Release|Any CPU
		{5FDF1505-A87D-4B08-9F1F-6C384B7D10E2}.Debug|Any CPU.ActiveCfg = Debug|Any CPU
		{5FDF1505-A87D-4B08-9F1F-6C384B7D10E2}.Debug|Any CPU.Build.0 = Debug|Any CPU
		{5FDF1505-A87D-4B08-9F1F-6C384B7D10E2}.Debug|x64.ActiveCfg = Debug|Any CPU
		{5FDF1505-A87D-4B08-9F1F-6C384B7D10E2}.Debug|x64.Build.0 = Debug|Any CPU
		{5FDF1505-A87D-4B08-9F1F-6C384B7D10E2}.Debug|x86.ActiveCfg = Debug|Any CPU
		{5FDF1505-A87D-4B08-9F1F-6C384B7D10E2}.Debug|x86.Build.0 = Debug|Any CPU
		{5FDF1505-A87D-4B08-9F1F-6C384B7D10E2}.Release|Any CPU.ActiveCfg = Release|Any CPU
		{5FDF1505-A87D-4B08-9F1F-6C384B7D10E2}.Release|Any CPU.Build.0 = Release|Any CPU
		{5FDF1505-A87D-4B08-9F1F-6C384B7D10E2}.Release|x64.ActiveCfg = Release|Any CPU
		{5FDF1505-A87D-4B08-9F1F-6C384B7D10E2}.Release|x64.Build.0 = Release|Any CPU
		{5FDF1505-A87D-4B08-9F1F-6C384B7D10E2}.Release|x86.ActiveCfg = Release|Any CPU
		{5FDF1505-A87D-4B08-9F1F-6C384B7D10E2}.Release|x86.Build.0 = Release|Any CPU
		{7885EEC9-DA8A-4720-BFC1-9C187845FEDC}.Debug|Any CPU.ActiveCfg = Debug|Any CPU
		{7885EEC9-DA8A-4720-BFC1-9C187845FEDC}.Debug|Any CPU.Build.0 = Debug|Any CPU
		{7885EEC9-DA8A-4720-BFC1-9C187845FEDC}.Debug|x64.ActiveCfg = Debug|Any CPU
		{7885EEC9-DA8A-4720-BFC1-9C187845FEDC}.Debug|x64.Build.0 = Debug|Any CPU
		{7885EEC9-DA8A-4720-BFC1-9C187845FEDC}.Debug|x86.ActiveCfg = Debug|Any CPU
		{7885EEC9-DA8A-4720-BFC1-9C187845FEDC}.Debug|x86.Build.0 = Debug|Any CPU
		{7885EEC9-DA8A-4720-BFC1-9C187845FEDC}.Release|Any CPU.ActiveCfg = Release|Any CPU
		{7885EEC9-DA8A-4720-BFC1-9C187845FEDC}.Release|Any CPU.Build.0 = Release|Any CPU
		{7885EEC9-DA8A-4720-BFC1-9C187845FEDC}.Release|x64.ActiveCfg = Release|Any CPU
		{7885EEC9-DA8A-4720-BFC1-9C187845FEDC}.Release|x64.Build.0 = Release|Any CPU
		{7885EEC9-DA8A-4720-BFC1-9C187845FEDC}.Release|x86.ActiveCfg = Release|Any CPU
		{7885EEC9-DA8A-4720-BFC1-9C187845FEDC}.Release|x86.Build.0 = Release|Any CPU
	EndGlobalSection
	GlobalSection(SolutionProperties) = preSolution
		HideSolutionNode = FALSE
	EndGlobalSection
EndGlobal
